
Microsoft Visual Studio Solution File, Format Version 12.00
# Visual Studio 15
VisualStudioVersion = 15.0.28010.2050
MinimumVisualStudioVersion = 10.0.40219.1
Project("{FAE04EC0-301F-11D3-BF4B-00C04F79EFBC}") = "TDBot", "TDBot\TDBot.csproj", "{B72B782C-5DF1-416E-BF1F-3F5E8E9D3D87}"
EndProject
Global
	GlobalSection(SolutionConfigurationPlatforms) = preSolution
		Debug|Any CPU = Debug|Any CPU
		Release|Any CPU = Release|Any CPU
	EndGlobalSection
	GlobalSection(ProjectConfigurationPlatforms) = postSolution
		{B72B782C-5DF1-416E-BF1F-3F5E8E9D3D87}.Debug|Any CPU.ActiveCfg = Debug|Any CPU
		{B72B782C-5DF1-416E-BF1F-3F5E8E9D3D87}.Debug|Any CPU.Build.0 = Debug|Any CPU
		{B72B782C-5DF1-416E-BF1F-3F5E8E9D3D87}.Release|Any CPU.ActiveCfg = Release|Any CPU
		{B72B782C-5DF1-416E-BF1F-3F5E8E9D3D87}.Release|Any CPU.Build.0 = Release|Any CPU
	EndGlobalSection
	GlobalSection(SolutionProperties) = preSolution
		HideSolutionNode = FALSE
	EndGlobalSection
	GlobalSection(ExtensibilityGlobals) = postSolution
		SolutionGuid = {47A5E913-52B3-424F-BD17-86816D4BE36F}
	EndGlobalSection
EndGlobal
